{
  "name": "uni-app",
  "version": "1.0.0",
  "lockfileVersion": 2,
  "requires": true,
  "packages": {
    "": {
      "name": "uni-app",
      "version": "1.0.0",
      "dependencies": {
        "@dcloudio/uni-ui": "^1.5.5"
      }
    },
    "node_modules/@dcloudio/uni-ui": {
      "version": "1.5.12",
      "resolved": "https://registry.npmjs.org/@dcloudio/uni-ui/-/uni-ui-1.5.12.tgz",
      "integrity": "sha512-mGDl2OZSz7D8xcUAzJegWDHOqB4MEFBSW9Esb/oJiu2/3Gk9+P/Z4bA4JZ9jv9VWBYbMrYwaTfK1Z728kABdYg=="
    }
  },
  "dependencies": {
    "@dcloudio/uni-ui": {
      "version": "1.5.12",
      "resolved": "https://registry.npmjs.org/@dcloudio/uni-ui/-/uni-ui-1.5.12.tgz",
      "integrity": "sha512-mGDl2OZSz7D8xcUAzJegWDHOqB4MEFBSW9Esb/oJiu2/3Gk9+P/Z4bA4JZ9jv9VWBYbMrYwaTfK1Z728kABdYg=="
    }
  }
}
